
Microsoft Visual Studio Solution File, Format Version 12.00
# Visual Studio Version 17
VisualStudioVersion = 17.9.34607.119
MinimumVisualStudioVersion = 10.0.40219.1
Project("{FAE04EC0-301F-11D3-BF4B-00C04F79EFBC}") = "Tarea02_codigo02", "Tarea02_codigo02\Tarea02_codigo02.csproj", "{834338DE-5F88-4FEE-92A7-2FDB8B483EAA}"
EndProject
Global
	GlobalSection(SolutionConfigurationPlatforms) = preSolution
		Debug|Any CPU = Debug|Any CPU
		Release|Any CPU = Release|Any CPU
	EndGlobalSection
	GlobalSection(ProjectConfigurationPlatforms) = postSolution
		{834338DE-5F88-4FEE-92A7-2FDB8B483EAA}.Debug|Any CPU.ActiveCfg = Debug|Any CPU
		{834338DE-5F88-4FEE-92A7-2FDB8B483EAA}.Debug|Any CPU.Build.0 = Debug|Any CPU
		{834338DE-5F88-4FEE-92A7-2FDB8B483EAA}.Release|Any CPU.ActiveCfg = Release|Any CPU
		{834338DE-5F88-4FEE-92A7-2FDB8B483EAA}.Release|Any CPU.Build.0 = Release|Any CPU
	EndGlobalSection
	GlobalSection(SolutionProperties) = preSolution
		HideSolutionNode = FALSE
	EndGlobalSection
	GlobalSection(ExtensibilityGlobals) = postSolution
		SolutionGuid = {3F91D8B2-764B-4BF8-87C4-8BFA65D379EC}
	EndGlobalSection
EndGlobal
